# This file was autogenerated by Stack.
# You should not edit this file by hand.
# For more information, please see the documentation at:
#   https://docs.haskellstack.org/en/stable/lock_files

packages:
- completed:
    hackage: drinkery-0.1@sha256:c90d8fcba3afac5943f0e5f69c54a6fbf1c8e270e8f34fbc6ea3cf295dadf2a7,1352
    pantry-tree:
      size: 669
      sha256: ecae25261d27134bde823eeb919daaa82fd116cd60636fbe76434d1e2c89bb38
  original:
    hackage: drinkery-0.1
- completed:
    cabal-file:
      size: 2544
      sha256: 475af4f579ca27c078a13ef6520c3997088c5756bd0ac7c503bdc5b3d5ef9728
    name: scrapbook
    version: 0.1.1
    git: https://github.com/matsubara0507/scrapbook.git
    pantry-tree:
      size: 1763
      sha256: 846ba9f793e0f2a9d923200954f2be5585805b257acbdc648ec432e30cc5718c
    commit: ebc9f7067558c890a1c225c9b8bbbe2bd2b109ca
  original:
    git: https://github.com/matsubara0507/scrapbook.git
    commit: ebc9f7067558c890a1c225c9b8bbbe2bd2b109ca
- completed:
    cabal-file:
      size: 2258
      sha256: 2fd54f0baf223f3d5162a392e2588f5b1b1cedb3c3b8b52566b44751ea7eb6b1
    name: extensible-instances
    version: 0.1.0.0
    git: https://github.com/matsubara0507/extensible-instances.git
    pantry-tree:
      size: 1200
      sha256: 2a6d673e0d14873339729cd9a2354eb20d31567278a5e7a5d91b33eefb269eb2
    commit: 8dabe7a3dd9cf162e2d81e4ca16dbe73b98a3809
  original:
    git: https://github.com/matsubara0507/extensible-instances.git
    commit: 8dabe7a3dd9cf162e2d81e4ca16dbe73b98a3809
snapshots:
- completed:
    size: 568665
    url: https://raw.githubusercontent.com/commercialhaskell/stackage-snapshots/master/lts/10/7.yaml
    sha256: 832d13ab65a6ebc59874cdad5d2a94a051d63940080f8e537c9b78ac1a6e920b
  original: lts-10.7
